
Microsoft Visual Studio Solution File, Format Version 12.00
# Visual Studio Version 16
VisualStudioVersion = 16.0.30204.135
MinimumVisualStudioVersion = 10.0.40219.1
Project("{FAE04EC0-301F-11D3-BF4B-00C04F79EFBC}") = "OnBoardingTask", "OnBoardingTask\OnBoardingTask.csproj", "{4682B9DB-7FBA-41D7-BD67-3F8D1188B623}"
EndProject
Global
	GlobalSection(SolutionConfigurationPlatforms) = preSolution
		Debug|Any CPU = Debug|Any CPU
		Release|Any CPU = Release|Any CPU
	EndGlobalSection
	GlobalSection(ProjectConfigurationPlatforms) = postSolution
		{4682B9DB-7FBA-41D7-BD67-3F8D1188B623}.Debug|Any CPU.ActiveCfg = Debug|Any CPU
		{4682B9DB-7FBA-41D7-BD67-3F8D1188B623}.Debug|Any CPU.Build.0 = Debug|Any CPU
		{4682B9DB-7FBA-41D7-BD67-3F8D1188B623}.Release|Any CPU.ActiveCfg = Release|Any CPU
		{4682B9DB-7FBA-41D7-BD67-3F8D1188B623}.Release|Any CPU.Build.0 = Release|Any CPU
	EndGlobalSection
	GlobalSection(SolutionProperties) = preSolution
		HideSolutionNode = FALSE
	EndGlobalSection
	GlobalSection(ExtensibilityGlobals) = postSolution
		SolutionGuid = {BE5BD35A-2B9B-4234-86B8-5CDC116E6A69}
	EndGlobalSection
EndGlobal
